
Microsoft Visual Studio Solution File, Format Version 12.00
# Visual Studio Version 16
VisualStudioVersion = 16.0.31205.134
MinimumVisualStudioVersion = 10.0.40219.1
Project("{9A19103F-16F7-4668-BE54-9A1E7A4F7556}") = "Algorithm", "Algorithm\Algorithm.csproj", "{02410FCE-154B-4F91-AEA4-418A537BFEDF}"
EndProject
Project("{9A19103F-16F7-4668-BE54-9A1E7A4F7556}") = "GeekMath", "GeekMath\GeekMath.csproj", "{04BE614F-E66A-44A9-9607-E491182B5D6A}"
EndProject
Project("{FAE04EC0-301F-11D3-BF4B-00C04F79EFBC}") = "LeetCode", "LeetCode\LeetCode.csproj", "{28BB1DFF-76C2-472E-9C9C-EF8E321E2E4A}"
EndProject
Global
	GlobalSection(SolutionConfigurationPlatforms) = preSolution
		Debug|Any CPU = Debug|Any CPU
		Release|Any CPU = Release|Any CPU
	EndGlobalSection
	GlobalSection(ProjectConfigurationPlatforms) = postSolution
		{02410FCE-154B-4F91-AEA4-418A537BFEDF}.Debug|Any CPU.ActiveCfg = Debug|Any CPU
		{02410FCE-154B-4F91-AEA4-418A537BFEDF}.Debug|Any CPU.Build.0 = Debug|Any CPU
		{02410FCE-154B-4F91-AEA4-418A537BFEDF}.Release|Any CPU.ActiveCfg = Release|Any CPU
		{02410FCE-154B-4F91-AEA4-418A537BFEDF}.Release|Any CPU.Build.0 = Release|Any CPU
		{04BE614F-E66A-44A9-9607-E491182B5D6A}.Debug|Any CPU.ActiveCfg = Debug|Any CPU
		{04BE614F-E66A-44A9-9607-E491182B5D6A}.Debug|Any CPU.Build.0 = Debug|Any CPU
		{04BE614F-E66A-44A9-9607-E491182B5D6A}.Release|Any CPU.ActiveCfg = Release|Any CPU
		{04BE614F-E66A-44A9-9607-E491182B5D6A}.Release|Any CPU.Build.0 = Release|Any CPU
		{28BB1DFF-76C2-472E-9C9C-EF8E321E2E4A}.Debug|Any CPU.ActiveCfg = Debug|Any CPU
		{28BB1DFF-76C2-472E-9C9C-EF8E321E2E4A}.Debug|Any CPU.Build.0 = Debug|Any CPU
		{28BB1DFF-76C2-472E-9C9C-EF8E321E2E4A}.Release|Any CPU.ActiveCfg = Release|Any CPU
		{28BB1DFF-76C2-472E-9C9C-EF8E321E2E4A}.Release|Any CPU.Build.0 = Release|Any CPU
	EndGlobalSection
	GlobalSection(SolutionProperties) = preSolution
		HideSolutionNode = FALSE
	EndGlobalSection
	GlobalSection(ExtensibilityGlobals) = postSolution
		SolutionGuid = {4A250A3F-1EE9-4DCF-976E-6F1B015B8565}
	EndGlobalSection
EndGlobal
